
Microsoft Visual Studio Solution File, Format Version 12.00
# Visual Studio Version 17
VisualStudioVersion = 17.8.34408.163
MinimumVisualStudioVersion = 10.0.40219.1
Project("{FAE04EC0-301F-11D3-BF4B-00C04F79EFBC}") = "PaparaAssesment.API", "PaparaAssesment.API\PaparaAssesment.API.csproj", "{E8085C45-249B-42D2-B067-8FA0019D54DD}"
EndProject
Project("{FAE04EC0-301F-11D3-BF4B-00C04F79EFBC}") = "PaparaAssesment.Service", "PaparaAssesment.Service\PaparaAssesment.Service.csproj", "{BF1BEE3E-BE19-4016-8FB7-D76305175A3B}"
EndProject
Project("{FAE04EC0-301F-11D3-BF4B-00C04F79EFBC}") = "PaparaAssesment.Repository", "PaparaAssesment.Repository\PaparaAssesment.Repository.csproj", "{6A62B3B9-32DD-4DC1-86EB-593BE8BA07A4}"
EndProject
Global
	GlobalSection(SolutionConfigurationPlatforms) = preSolution
		Debug|Any CPU = Debug|Any CPU
		Release|Any CPU = Release|Any CPU
	EndGlobalSection
	GlobalSection(ProjectConfigurationPlatforms) = postSolution
		{E8085C45-249B-42D2-B067-8FA0019D54DD}.Debug|Any CPU.ActiveCfg = Debug|Any CPU
		{E8085C45-249B-42D2-B067-8FA0019D54DD}.Debug|Any CPU.Build.0 = Debug|Any CPU
		{E8085C45-249B-42D2-B067-8FA0019D54DD}.Release|Any CPU.ActiveCfg = Release|Any CPU
		{E8085C45-249B-42D2-B067-8FA0019D54DD}.Release|Any CPU.Build.0 = Release|Any CPU
		{BF1BEE3E-BE19-4016-8FB7-D76305175A3B}.Debug|Any CPU.ActiveCfg = Debug|Any CPU
		{BF1BEE3E-BE19-4016-8FB7-D76305175A3B}.Debug|Any CPU.Build.0 = Debug|Any CPU
		{BF1BEE3E-BE19-4016-8FB7-D76305175A3B}.Release|Any CPU.ActiveCfg = Release|Any CPU
		{BF1BEE3E-BE19-4016-8FB7-D76305175A3B}.Release|Any CPU.Build.0 = Release|Any CPU
		{6A62B3B9-32DD-4DC1-86EB-593BE8BA07A4}.Debug|Any CPU.ActiveCfg = Debug|Any CPU
		{6A62B3B9-32DD-4DC1-86EB-593BE8BA07A4}.Debug|Any CPU.Build.0 = Debug|Any CPU
		{6A62B3B9-32DD-4DC1-86EB-593BE8BA07A4}.Release|Any CPU.ActiveCfg = Release|Any CPU
		{6A62B3B9-32DD-4DC1-86EB-593BE8BA07A4}.Release|Any CPU.Build.0 = Release|Any CPU
	EndGlobalSection
	GlobalSection(SolutionProperties) = preSolution
		HideSolutionNode = FALSE
	EndGlobalSection
	GlobalSection(ExtensibilityGlobals) = postSolution
		SolutionGuid = {624BE87D-9C41-4A15-BA45-0D8E2D57C19B}
	EndGlobalSection
EndGlobal
